
Microsoft Visual Studio Solution File, Format Version 12.00
# Visual Studio Version 17
VisualStudioVersion = 17.4.33213.308
MinimumVisualStudioVersion = 10.0.40219.1
Project("{FAE04EC0-301F-11D3-BF4B-00C04F79EFBC}") = "ConsoleApp5.3.00", "ConsoleApp5.3.00.csproj", "{E00F63D5-76F8-4369-B9E5-8EBBB8113959}"
EndProject
Global
	GlobalSection(SolutionConfigurationPlatforms) = preSolution
		Debug|Any CPU = Debug|Any CPU
		Release|Any CPU = Release|Any CPU
	EndGlobalSection
	GlobalSection(ProjectConfigurationPlatforms) = postSolution
		{E00F63D5-76F8-4369-B9E5-8EBBB8113959}.Debug|Any CPU.ActiveCfg = Debug|Any CPU
		{E00F63D5-76F8-4369-B9E5-8EBBB8113959}.Debug|Any CPU.Build.0 = Debug|Any CPU
		{E00F63D5-76F8-4369-B9E5-8EBBB8113959}.Release|Any CPU.ActiveCfg = Release|Any CPU
		{E00F63D5-76F8-4369-B9E5-8EBBB8113959}.Release|Any CPU.Build.0 = Release|Any CPU
	EndGlobalSection
	GlobalSection(SolutionProperties) = preSolution
		HideSolutionNode = FALSE
	EndGlobalSection
	GlobalSection(ExtensibilityGlobals) = postSolution
		SolutionGuid = {089451C6-3978-4721-8AD7-4C39E6087B80}
	EndGlobalSection
EndGlobal
